{
    "_readme": [
        "This file locks the dependencies of your project to a known state",
        "Read more about it at https://getcomposer.org/doc/01-basic-usage.md#composer-lock-the-lock-file",
        "This file is @generated automatically"
    ],
    "hash": "acb3fc391274344b1fc9befa158a9039",
    "content-hash": "3560b886d1542860ddff6c1a8dc3128f",
    "packages": [
        {
            "name": "packagist/yuicompressor-bin",
            "version": "v2.4.8",
            "source": {
                "type": "git",
                "url": "https://github.com/packagist/yuicompressor-bin.git",
                "reference": "dc40696043218e3344279029308267b3ea48e03c"
            },
            "dist": {
                "type": "zip",
                "url": "https://api.github.com/repos/packagist/yuicompressor-bin/zipball/dc40696043218e3344279029308267b3ea48e03c",
                "reference": "dc40696043218e3344279029308267b3ea48e03c",
                "shasum": ""
            },
            "bin": [
                "bin/yuicompressor.jar"
            ],
            "type": "library",
            "notification-url": "https://packagist.org/downloads/",
            "license": [
                "BSD-3-Clause"
            ],
            "authors": [
                {
                    "name": "Yahoo! Inc.",
                    "homepage": "http://yuilibrary.com"
                },
                {
                    "name": "Krusty Kode",
                    "email": "kaiwa@20minutemail.com",
                    "role": "maintainer"
                }
            ],
            "description": "YUI Compressor packaged for composer. JavaScript and CSS minification.",
            "homepage": "http://yui.github.io/yuicompressor",
            "keywords": [
                "compressor",
                "css",
                "javascript",
                "minification",
                "yui"
            ],
            "time": "2013-07-15 18:05:47"
        }
    ],
    "packages-dev": [],
    "aliases": [],
    "minimum-stability": "stable",
    "stability-flags": [],
    "prefer-stable": false,
    "prefer-lowest": false,
    "platform": {
        "php": ">=5.6.0"
    },
    "platform-dev": []
}
